// !$*UTF8*$!
{
	archiveVersion = 1;
	classes = {
	};
	objectVersion = 46;
	objects = {

/* Begin PBXBuildFile section */
		FF0B9AEA1DAE5D61005D716E /* main.swift in Sources */ = {isa = PBXBuildFile; fileRef = FF0B9AE91DAE5D61005D716E /* main.swift */; };
		FF0B9AFA1DAE6284005D716E /* Parser.swift in Sources */ = {isa = PBXBuildFile; fileRef = FF0B9AF91DAE6284005D716E /* Parser.swift */; };
		FF0B9AFC1DAE9007005D716E /* Optics.swift in Sources */ = {isa = PBXBuildFile; fileRef = FF0B9AFB1DAE9007005D716E /* Optics.swift */; };
		FF2EDDC91DAFAEAE009DC13F /* OptionalExtensions.swift in Sources */ = {isa = PBXBuildFile; fileRef = FF2EDDC81DAFAEAE009DC13F /* OptionalExtensions.swift */; };
		FF2EDDD81DB02FD3009DC13F /* SourceKittenFramework.framework in Frameworks */ = {isa = PBXBuildFile; fileRef = FF2EDDD51DB02FD3009DC13F /* SourceKittenFramework.framework */; };
		FF2EDDD91DB02FD3009DC13F /* SWXMLHash.framework in Frameworks */ = {isa = PBXBuildFile; fileRef = FF2EDDD61DB02FD3009DC13F /* SWXMLHash.framework */; };
		FF2EDDDA1DB02FD3009DC13F /* Yaml.framework in Frameworks */ = {isa = PBXBuildFile; fileRef = FF2EDDD71DB02FD3009DC13F /* Yaml.framework */; };
		FF2EDDDB1DB02FE0009DC13F /* SourceKittenFramework.framework in Copy Frameworks */ = {isa = PBXBuildFile; fileRef = FF2EDDD51DB02FD3009DC13F /* SourceKittenFramework.framework */; settings = {ATTRIBUTES = (CodeSignOnCopy, RemoveHeadersOnCopy, ); }; };
		FF2EDDDC1DB02FE0009DC13F /* SWXMLHash.framework in Copy Frameworks */ = {isa = PBXBuildFile; fileRef = FF2EDDD61DB02FD3009DC13F /* SWXMLHash.framework */; settings = {ATTRIBUTES = (CodeSignOnCopy, RemoveHeadersOnCopy, ); }; };
		FF2EDDDD1DB02FE0009DC13F /* Yaml.framework in Copy Frameworks */ = {isa = PBXBuildFile; fileRef = FF2EDDD71DB02FD3009DC13F /* Yaml.framework */; settings = {ATTRIBUTES = (CodeSignOnCopy, RemoveHeadersOnCopy, ); }; };
		FF2EDDDF1DB02FFA009DC13F /* JSON.swift in Sources */ = {isa = PBXBuildFile; fileRef = FF2EDDDE1DB02FFA009DC13F /* JSON.swift */; };
		FF2EDDE11DB0305E009DC13F /* Operators.swift in Sources */ = {isa = PBXBuildFile; fileRef = FF2EDDE01DB0305E009DC13F /* Operators.swift */; };
		FF9494DE1DB242C400FC462E /* Model.swift in Sources */ = {isa = PBXBuildFile; fileRef = FF9494DD1DB242C400FC462E /* Model.swift */; };
		FF9494E11DB3ECDF00FC462E /* StringExtensions.swift in Sources */ = {isa = PBXBuildFile; fileRef = FF9494E01DB3ECDF00FC462E /* StringExtensions.swift */; };
		FF9494E41DB3F58C00FC462E /* test.swift in Resources */ = {isa = PBXBuildFile; fileRef = FF0B9AF61DAE6063005D716E /* test.swift */; };
/* End PBXBuildFile section */

/* Begin PBXCopyFilesBuildPhase section */
		FF0B9AF11DAE5F6C005D716E /* Copy Frameworks */ = {
			isa = PBXCopyFilesBuildPhase;
			buildActionMask = 2147483647;
			dstPath = "";
			dstSubfolderSpec = 10;
			files = (
				FF2EDDDB1DB02FE0009DC13F /* SourceKittenFramework.framework in Copy Frameworks */,
				FF2EDDDC1DB02FE0009DC13F /* SWXMLHash.framework in Copy Frameworks */,
				FF2EDDDD1DB02FE0009DC13F /* Yaml.framework in Copy Frameworks */,
			);
			name = "Copy Frameworks";
			runOnlyForDeploymentPostprocessing = 0;
		};
/* End PBXCopyFilesBuildPhase section */

/* Begin PBXFileReference section */
		FF0B9AD91DAE5D56005D716E /* LensGenerator.app */ = {isa = PBXFileReference; explicitFileType = wrapper.application; includeInIndex = 0; path = LensGenerator.app; sourceTree = BUILT_PRODUCTS_DIR; };
		FF0B9AE31DAE5D56005D716E /* Info.plist */ = {isa = PBXFileReference; lastKnownFileType = text.plist.xml; path = Info.plist; sourceTree = "<group>"; };
		FF0B9AE91DAE5D61005D716E /* main.swift */ = {isa = PBXFileReference; fileEncoding = 4; lastKnownFileType = sourcecode.swift; path = main.swift; sourceTree = "<group>"; };
		FF0B9AF61DAE6063005D716E /* test.swift */ = {isa = PBXFileReference; explicitFileType = text; fileEncoding = 4; path = test.swift; sourceTree = "<group>"; };
		FF0B9AF91DAE6284005D716E /* Parser.swift */ = {isa = PBXFileReference; fileEncoding = 4; lastKnownFileType = sourcecode.swift; path = Parser.swift; sourceTree = "<group>"; };
		FF0B9AFB1DAE9007005D716E /* Optics.swift */ = {isa = PBXFileReference; fileEncoding = 4; lastKnownFileType = sourcecode.swift; path = Optics.swift; sourceTree = "<group>"; };
		FF2EDDC81DAFAEAE009DC13F /* OptionalExtensions.swift */ = {isa = PBXFileReference; fileEncoding = 4; lastKnownFileType = sourcecode.swift; path = OptionalExtensions.swift; sourceTree = "<group>"; };
		FF2EDDD51DB02FD3009DC13F /* SourceKittenFramework.framework */ = {isa = PBXFileReference; lastKnownFileType = wrapper.framework; path = SourceKittenFramework.framework; sourceTree = "<group>"; };
		FF2EDDD61DB02FD3009DC13F /* SWXMLHash.framework */ = {isa = PBXFileReference; lastKnownFileType = wrapper.framework; path = SWXMLHash.framework; sourceTree = "<group>"; };
		FF2EDDD71DB02FD3009DC13F /* Yaml.framework */ = {isa = PBXFileReference; lastKnownFileType = wrapper.framework; path = Yaml.framework; sourceTree = "<group>"; };
		FF2EDDDE1DB02FFA009DC13F /* JSON.swift */ = {isa = PBXFileReference; fileEncoding = 4; lastKnownFileType = sourcecode.swift; path = JSON.swift; sourceTree = "<group>"; };
		FF2EDDE01DB0305E009DC13F /* Operators.swift */ = {isa = PBXFileReference; fileEncoding = 4; lastKnownFileType = sourcecode.swift; path = Operators.swift; sourceTree = "<group>"; };
		FF9494DD1DB242C400FC462E /* Model.swift */ = {isa = PBXFileReference; fileEncoding = 4; lastKnownFileType = sourcecode.swift; path = Model.swift; sourceTree = "<group>"; };
		FF9494E01DB3ECDF00FC462E /* StringExtensions.swift */ = {isa = PBXFileReference; fileEncoding = 4; lastKnownFileType = sourcecode.swift; path = StringExtensions.swift; sourceTree = "<group>"; };
/* End PBXFileReference section */

/* Begin PBXFrameworksBuildPhase section */
		FF0B9AD61DAE5D56005D716E /* Frameworks */ = {
			isa = PBXFrameworksBuildPhase;
			buildActionMask = 2147483647;
			files = (
				FF2EDDD91DB02FD3009DC13F /* SWXMLHash.framework in Frameworks */,
				FF2EDDD81DB02FD3009DC13F /* SourceKittenFramework.framework in Frameworks */,
				FF2EDDDA1DB02FD3009DC13F /* Yaml.framework in Frameworks */,
			);
			runOnlyForDeploymentPostprocessing = 0;
		};
/* End PBXFrameworksBuildPhase section */

/* Begin PBXGroup section */
		FF0B9AD01DAE5D56005D716E = {
			isa = PBXGroup;
			children = (
				FF0B9ADB1DAE5D56005D716E /* LensGenerator */,
				FF0B9ADA1DAE5D56005D716E /* Products */,
			);
			sourceTree = "<group>";
		};
		FF0B9ADA1DAE5D56005D716E /* Products */ = {
			isa = PBXGroup;
			children = (
				FF0B9AD91DAE5D56005D716E /* LensGenerator.app */,
			);
			name = Products;
			sourceTree = "<group>";
		};
		FF0B9ADB1DAE5D56005D716E /* LensGenerator */ = {
			isa = PBXGroup;
			children = (
				FF0B9AE31DAE5D56005D716E /* Info.plist */,
				FF0B9AE91DAE5D61005D716E /* main.swift */,
				FF0B9AF91DAE6284005D716E /* Parser.swift */,
				FF0B9AFB1DAE9007005D716E /* Optics.swift */,
				FF2EDDC81DAFAEAE009DC13F /* OptionalExtensions.swift */,
				FF2EDDDE1DB02FFA009DC13F /* JSON.swift */,
				FF0B9AF61DAE6063005D716E /* test.swift */,
				FF2EDDE01DB0305E009DC13F /* Operators.swift */,
				FF9494DD1DB242C400FC462E /* Model.swift */,
				FF2EDDD41DB02FD3009DC13F /* Frameworks */,
				FF9494E01DB3ECDF00FC462E /* StringExtensions.swift */,
			);
			path = LensGenerator;
			sourceTree = "<group>";
		};
		FF2EDDD41DB02FD3009DC13F /* Frameworks */ = {
			isa = PBXGroup;
			children = (
				FF2EDDD51DB02FD3009DC13F /* SourceKittenFramework.framework */,
				FF2EDDD61DB02FD3009DC13F /* SWXMLHash.framework */,
				FF2EDDD71DB02FD3009DC13F /* Yaml.framework */,
			);
			path = Frameworks;
			sourceTree = "<group>";
		};
/* End PBXGroup section */

/* Begin PBXNativeTarget section */
		FF0B9AD81DAE5D56005D716E /* LensGenerator */ = {
			isa = PBXNativeTarget;
			buildConfigurationList = FF0B9AE61DAE5D56005D716E /* Build configuration list for PBXNativeTarget "LensGenerator" */;
			buildPhases = (
				FF0B9AD51DAE5D56005D716E /* Sources */,
				FF0B9AD61DAE5D56005D716E /* Frameworks */,
				FF0B9AD71DAE5D56005D716E /* Resources */,
				FF0B9AF11DAE5F6C005D716E /* Copy Frameworks */,
			);
			buildRules = (
			);
			dependencies = (
			);
			name = LensGenerator;
			productName = LensGenerator;
			productReference = FF0B9AD91DAE5D56005D716E /* LensGenerator.app */;
			productType = "com.apple.product-type.application";
		};
/* End PBXNativeTarget section */

/* Begin PBXProject section */
		FF0B9AD11DAE5D56005D716E /* Project object */ = {
			isa = PBXProject;
			attributes = {
				LastSwiftUpdateCheck = 0800;
				LastUpgradeCheck = 0800;
				ORGANIZATIONNAME = "Alexandru Culeva";
				TargetAttributes = {
					FF0B9AD81DAE5D56005D716E = {
						CreatedOnToolsVersion = 8.0;
						DevelopmentTeam = QE33WF5A23;
						ProvisioningStyle = Automatic;
					};
				};
			};
			buildConfigurationList = FF0B9AD41DAE5D56005D716E /* Build configuration list for PBXProject "LensGenerator" */;
			compatibilityVersion = "Xcode 3.2";
			developmentRegion = English;
			hasScannedForEncodings = 0;
			knownRegions = (
				en,
				Base,
			);
			mainGroup = FF0B9AD01DAE5D56005D716E;
			productRefGroup = FF0B9ADA1DAE5D56005D716E /* Products */;
			projectDirPath = "";
			projectRoot = "";
			targets = (
				FF0B9AD81DAE5D56005D716E /* LensGenerator */,
			);
		};
/* End PBXProject section */

/* Begin PBXResourcesBuildPhase section */
		FF0B9AD71DAE5D56005D716E /* Resources */ = {
			isa = PBXResourcesBuildPhase;
			buildActionMask = 2147483647;
			files = (
				FF9494E41DB3F58C00FC462E /* test.swift in Resources */,
			);
			runOnlyForDeploymentPostprocessing = 0;
		};
/* End PBXResourcesBuildPhase section */

/* Begin PBXSourcesBuildPhase section */
		FF0B9AD51DAE5D56005D716E /* Sources */ = {
			isa = PBXSourcesBuildPhase;
			buildActionMask = 2147483647;
			files = (
				FF9494E11DB3ECDF00FC462E /* StringExtensions.swift in Sources */,
				FF9494DE1DB242C400FC462E /* Model.swift in Sources */,
				FF0B9AFC1DAE9007005D716E /* Optics.swift in Sources */,
				FF2EDDDF1DB02FFA009DC13F /* JSON.swift in Sources */,
				FF2EDDC91DAFAEAE009DC13F /* OptionalExtensions.swift in Sources */,
				FF0B9AFA1DAE6284005D716E /* Parser.swift in Sources */,
				FF0B9AEA1DAE5D61005D716E /* main.swift in Sources */,
				FF2EDDE11DB0305E009DC13F /* Operators.swift in Sources */,
			);
			runOnlyForDeploymentPostprocessing = 0;
		};
/* End PBXSourcesBuildPhase section */

/* Begin XCBuildConfiguration section */
		FF0B9AE41DAE5D56005D716E /* Debug */ = {
			isa = XCBuildConfiguration;
			buildSettings = {
				ALWAYS_SEARCH_USER_PATHS = NO;
				CLANG_ANALYZER_NONNULL = YES;
				CLANG_CXX_LANGUAGE_STANDARD = "gnu++0x";
				CLANG_CXX_LIBRARY = "libc++";
				CLANG_ENABLE_MODULES = YES;
				CLANG_ENABLE_OBJC_ARC = YES;
				CLANG_WARN_BOOL_CONVERSION = YES;
				CLANG_WARN_CONSTANT_CONVERSION = YES;
				CLANG_WARN_DIRECT_OBJC_ISA_USAGE = YES_ERROR;
				CLANG_WARN_DOCUMENTATION_COMMENTS = YES;
				CLANG_WARN_EMPTY_BODY = YES;
				CLANG_WARN_ENUM_CONVERSION = YES;
				CLANG_WARN_INFINITE_RECURSION = YES;
				CLANG_WARN_INT_CONVERSION = YES;
				CLANG_WARN_OBJC_ROOT_CLASS = YES_ERROR;
				CLANG_WARN_SUSPICIOUS_MOVES = YES;
				CLANG_WARN_UNREACHABLE_CODE = YES;
				CLANG_WARN__DUPLICATE_METHOD_MATCH = YES;
				CODE_SIGN_IDENTITY = "-";
				COPY_PHASE_STRIP = NO;
				DEBUG_INFORMATION_FORMAT = dwarf;
				ENABLE_STRICT_OBJC_MSGSEND = YES;
				ENABLE_TESTABILITY = YES;
				GCC_C_LANGUAGE_STANDARD = gnu99;
				GCC_DYNAMIC_NO_PIC = NO;
				GCC_NO_COMMON_BLOCKS = YES;
				GCC_OPTIMIZATION_LEVEL = 0;
				GCC_PREPROCESSOR_DEFINITIONS = (
					"DEBUG=1",
					"$(inherited)",
				);
				GCC_WARN_64_TO_32_BIT_CONVERSION = YES;
				GCC_WARN_ABOUT_RETURN_TYPE = YES_ERROR;
				GCC_WARN_UNDECLARED_SELECTOR = YES;
				GCC_WARN_UNINITIALIZED_AUTOS = YES_AGGRESSIVE;
				GCC_WARN_UNUSED_FUNCTION = YES;
				GCC_WARN_UNUSED_VARIABLE = YES;
				MACOSX_DEPLOYMENT_TARGET = 10.12;
				MTL_ENABLE_DEBUG_INFO = YES;
				ONLY_ACTIVE_ARCH = YES;
				SDKROOT = macosx;
				SWIFT_ACTIVE_COMPILATION_CONDITIONS = DEBUG;
				SWIFT_OPTIMIZATION_LEVEL = "-Onone";
			};
			name = Debug;
		};
		FF0B9AE51DAE5D56005D716E /* Release */ = {
			isa = XCBuildConfiguration;
			buildSettings = {
				ALWAYS_SEARCH_USER_PATHS = NO;
				CLANG_ANALYZER_NONNULL = YES;
				CLANG_CXX_LANGUAGE_STANDARD = "gnu++0x";
				CLANG_CXX_LIBRARY = "libc++";
				CLANG_ENABLE_MODULES = YES;
				CLANG_ENABLE_OBJC_ARC = YES;
				CLANG_WARN_BOOL_CONVERSION = YES;
				CLANG_WARN_CONSTANT_CONVERSION = YES;
				CLANG_WARN_DIRECT_OBJC_ISA_USAGE = YES_ERROR;
				CLANG_WARN_DOCUMENTATION_COMMENTS = YES;
				CLANG_WARN_EMPTY_BODY = YES;
				CLANG_WARN_ENUM_CONVERSION = YES;
				CLANG_WARN_INFINITE_RECURSION = YES;
				CLANG_WARN_INT_CONVERSION = YES;
				CLANG_WARN_OBJC_ROOT_CLASS = YES_ERROR;
				CLANG_WARN_SUSPICIOUS_MOVES = YES;
				CLANG_WARN_UNREACHABLE_CODE = YES;
				CLANG_WARN__DUPLICATE_METHOD_MATCH = YES;
				CODE_SIGN_IDENTITY = "-";
				COPY_PHASE_STRIP = NO;
				DEBUG_INFORMATION_FORMAT = "dwarf-with-dsym";
				ENABLE_NS_ASSERTIONS = NO;
				ENABLE_STRICT_OBJC_MSGSEND = YES;
				GCC_C_LANGUAGE_STANDARD = gnu99;
				GCC_NO_COMMON_BLOCKS = YES;
				GCC_WARN_64_TO_32_BIT_CONVERSION = YES;
				GCC_WARN_ABOUT_RETURN_TYPE = YES_ERROR;
				GCC_WARN_UNDECLARED_SELECTOR = YES;
				GCC_WARN_UNINITIALIZED_AUTOS = YES_AGGRESSIVE;
				GCC_WARN_UNUSED_FUNCTION = YES;
				GCC_WARN_UNUSED_VARIABLE = YES;
				MACOSX_DEPLOYMENT_TARGET = 10.12;
				MTL_ENABLE_DEBUG_INFO = NO;
				SDKROOT = macosx;
				SWIFT_OPTIMIZATION_LEVEL = "-Owholemodule";
			};
			name = Release;
		};
		FF0B9AE71DAE5D56005D716E /* Debug */ = {
			isa = XCBuildConfiguration;
			buildSettings = {
				ASSETCATALOG_COMPILER_APPICON_NAME = AppIcon;
				COMBINE_HIDPI_IMAGES = YES;
				DEVELOPMENT_TEAM = QE33WF5A23;
				FRAMEWORK_SEARCH_PATHS = (
					"$(inherited)",
					"$(PROJECT_DIR)/LensGenerator",
					"$(PROJECT_DIR)/LensGenerator/Frameworks",
				);
				INFOPLIST_FILE = LensGenerator/Info.plist;
				LD_RUNPATH_SEARCH_PATHS = "$(inherited) @executable_path/../Frameworks";
				PRODUCT_BUNDLE_IDENTIFIER = com.s2dent.LensGenerator;
				PRODUCT_NAME = "$(TARGET_NAME)";
				SWIFT_VERSION = 3.0;
			};
			name = Debug;
		};
		FF0B9AE81DAE5D56005D716E /* Release */ = {
			isa = XCBuildConfiguration;
			buildSettings = {
				ASSETCATALOG_COMPILER_APPICON_NAME = AppIcon;
				COMBINE_HIDPI_IMAGES = YES;
				DEVELOPMENT_TEAM = QE33WF5A23;
				FRAMEWORK_SEARCH_PATHS = (
					"$(inherited)",
					"$(PROJECT_DIR)/LensGenerator",
					"$(PROJECT_DIR)/LensGenerator/Frameworks",
				);
				INFOPLIST_FILE = LensGenerator/Info.plist;
				LD_RUNPATH_SEARCH_PATHS = "$(inherited) @executable_path/../Frameworks";
				PRODUCT_BUNDLE_IDENTIFIER = com.s2dent.LensGenerator;
				PRODUCT_NAME = "$(TARGET_NAME)";
				SWIFT_VERSION = 3.0;
			};
			name = Release;
		};
/* End XCBuildConfiguration section */

/* Begin XCConfigurationList section */
		FF0B9AD41DAE5D56005D716E /* Build configuration list for PBXProject "LensGenerator" */ = {
			isa = XCConfigurationList;
			buildConfigurations = (
				FF0B9AE41DAE5D56005D716E /* Debug */,
				FF0B9AE51DAE5D56005D716E /* Release */,
			);
			defaultConfigurationIsVisible = 0;
			defaultConfigurationName = Release;
		};
		FF0B9AE61DAE5D56005D716E /* Build configuration list for PBXNativeTarget "LensGenerator" */ = {
			isa = XCConfigurationList;
			buildConfigurations = (
				FF0B9AE71DAE5D56005D716E /* Debug */,
				FF0B9AE81DAE5D56005D716E /* Release */,
			);
			defaultConfigurationIsVisible = 0;
			defaultConfigurationName = Release;
		};
/* End XCConfigurationList section */
	};
	rootObject = FF0B9AD11DAE5D56005D716E /* Project object */;
}
