// !$*UTF8*$!
{
	archiveVersion = 1;
	classes = {
	};
	objectVersion = 46;
	objects = {

/* Begin PBXBuildFile section */
		FF0B9ADD1DAE5D56005D716E /* AppDelegate.swift in Sources */ = {isa = PBXBuildFile; fileRef = FF0B9ADC1DAE5D56005D716E /* AppDelegate.swift */; };
		FF0B9ADF1DAE5D56005D716E /* Assets.xcassets in Resources */ = {isa = PBXBuildFile; fileRef = FF0B9ADE1DAE5D56005D716E /* Assets.xcassets */; };
		FF0B9AE21DAE5D56005D716E /* MainMenu.xib in Resources */ = {isa = PBXBuildFile; fileRef = FF0B9AE01DAE5D56005D716E /* MainMenu.xib */; };
/* End PBXBuildFile section */

/* Begin PBXFileReference section */
		FF0B9AD91DAE5D56005D716E /* LensGenerator.app */ = {isa = PBXFileReference; explicitFileType = wrapper.application; includeInIndex = 0; path = LensGenerator.app; sourceTree = BUILT_PRODUCTS_DIR; };
		FF0B9ADC1DAE5D56005D716E /* AppDelegate.swift */ = {isa = PBXFileReference; lastKnownFileType = sourcecode.swift; path = AppDelegate.swift; sourceTree = "<group>"; };
		FF0B9ADE1DAE5D56005D716E /* Assets.xcassets */ = {isa = PBXFileReference; lastKnownFileType = folder.assetcatalog; path = Assets.xcassets; sourceTree = "<group>"; };
		FF0B9AE11DAE5D56005D716E /* Base */ = {isa = PBXFileReference; lastKnownFileType = file.xib; name = Base; path = Base.lproj/MainMenu.xib; sourceTree = "<group>"; };
		FF0B9AE31DAE5D56005D716E /* Info.plist */ = {isa = PBXFileReference; lastKnownFileType = text.plist.xml; path = Info.plist; sourceTree = "<group>"; };
/* End PBXFileReference section */

/* Begin PBXFrameworksBuildPhase section */
		FF0B9AD61DAE5D56005D716E /* Frameworks */ = {
			isa = PBXFrameworksBuildPhase;
			buildActionMask = 2147483647;
			files = (
			);
			runOnlyForDeploymentPostprocessing = 0;
		};
/* End PBXFrameworksBuildPhase section */

/* Begin PBXGroup section */
		FF0B9AD01DAE5D56005D716E = {
			isa = PBXGroup;
			children = (
				FF0B9ADB1DAE5D56005D716E /* LensGenerator */,
				FF0B9ADA1DAE5D56005D716E /* Products */,
			);
			sourceTree = "<group>";
		};
		FF0B9ADA1DAE5D56005D716E /* Products */ = {
			isa = PBXGroup;
			children = (
				FF0B9AD91DAE5D56005D716E /* LensGenerator.app */,
			);
			name = Products;
			sourceTree = "<group>";
		};
		FF0B9ADB1DAE5D56005D716E /* LensGenerator */ = {
			isa = PBXGroup;
			children = (
				FF0B9ADC1DAE5D56005D716E /* AppDelegate.swift */,
				FF0B9ADE1DAE5D56005D716E /* Assets.xcassets */,
				FF0B9AE01DAE5D56005D716E /* MainMenu.xib */,
				FF0B9AE31DAE5D56005D716E /* Info.plist */,
			);
			path = LensGenerator;
			sourceTree = "<group>";
		};
/* End PBXGroup section */

/* Begin PBXNativeTarget section */
		FF0B9AD81DAE5D56005D716E /* LensGenerator */ = {
			isa = PBXNativeTarget;
			buildConfigurationList = FF0B9AE61DAE5D56005D716E /* Build configuration list for PBXNativeTarget "LensGenerator" */;
			buildPhases = (
				FF0B9AD51DAE5D56005D716E /* Sources */,
				FF0B9AD61DAE5D56005D716E /* Frameworks */,
				FF0B9AD71DAE5D56005D716E /* Resources */,
			);
			buildRules = (
			);
			dependencies = (
			);
			name = LensGenerator;
			productName = LensGenerator;
			productReference = FF0B9AD91DAE5D56005D716E /* LensGenerator.app */;
			productType = "com.apple.product-type.application";
		};
/* End PBXNativeTarget section */

/* Begin PBXProject section */
		FF0B9AD11DAE5D56005D716E /* Project object */ = {
			isa = PBXProject;
			attributes = {
				LastSwiftUpdateCheck = 0800;
				LastUpgradeCheck = 0800;
				ORGANIZATIONNAME = "Alexandru Culeva";
				TargetAttributes = {
					FF0B9AD81DAE5D56005D716E = {
						CreatedOnToolsVersion = 8.0;
						DevelopmentTeam = QE33WF5A23;
						ProvisioningStyle = Automatic;
					};
				};
			};
			buildConfigurationList = FF0B9AD41DAE5D56005D716E /* Build configuration list for PBXProject "LensGenerator" */;
			compatibilityVersion = "Xcode 3.2";
			developmentRegion = English;
			hasScannedForEncodings = 0;
			knownRegions = (
				en,
				Base,
			);
			mainGroup = FF0B9AD01DAE5D56005D716E;
			productRefGroup = FF0B9ADA1DAE5D56005D716E /* Products */;
			projectDirPath = "";
			projectRoot = "";
			targets = (
				FF0B9AD81DAE5D56005D716E /* LensGenerator */,
			);
		};
/* End PBXProject section */

/* Begin PBXResourcesBuildPhase section */
		FF0B9AD71DAE5D56005D716E /* Resources */ = {
			isa = PBXResourcesBuildPhase;
			buildActionMask = 2147483647;
			files = (
				FF0B9ADF1DAE5D56005D716E /* Assets.xcassets in Resources */,
				FF0B9AE21DAE5D56005D716E /* MainMenu.xib in Resources */,
			);
			runOnlyForDeploymentPostprocessing = 0;
		};
/* End PBXResourcesBuildPhase section */

/* Begin PBXSourcesBuildPhase section */
		FF0B9AD51DAE5D56005D716E /* Sources */ = {
			isa = PBXSourcesBuildPhase;
			buildActionMask = 2147483647;
			files = (
				FF0B9ADD1DAE5D56005D716E /* AppDelegate.swift in Sources */,
			);
			runOnlyForDeploymentPostprocessing = 0;
		};
/* End PBXSourcesBuildPhase section */

/* Begin PBXVariantGroup section */
		FF0B9AE01DAE5D56005D716E /* MainMenu.xib */ = {
			isa = PBXVariantGroup;
			children = (
				FF0B9AE11DAE5D56005D716E /* Base */,
			);
			name = MainMenu.xib;
			sourceTree = "<group>";
		};
/* End PBXVariantGroup section */

/* Begin XCBuildConfiguration section */
		FF0B9AE41DAE5D56005D716E /* Debug */ = {
			isa = XCBuildConfiguration;
			buildSettings = {
				ALWAYS_SEARCH_USER_PATHS = NO;
				CLANG_ANALYZER_NONNULL = YES;
				CLANG_CXX_LANGUAGE_STANDARD = "gnu++0x";
				CLANG_CXX_LIBRARY = "libc++";
				CLANG_ENABLE_MODULES = YES;
				CLANG_ENABLE_OBJC_ARC = YES;
				CLANG_WARN_BOOL_CONVERSION = YES;
				CLANG_WARN_CONSTANT_CONVERSION = YES;
				CLANG_WARN_DIRECT_OBJC_ISA_USAGE = YES_ERROR;
				CLANG_WARN_DOCUMENTATION_COMMENTS = YES;
				CLANG_WARN_EMPTY_BODY = YES;
				CLANG_WARN_ENUM_CONVERSION = YES;
				CLANG_WARN_INFINITE_RECURSION = YES;
				CLANG_WARN_INT_CONVERSION = YES;
				CLANG_WARN_OBJC_ROOT_CLASS = YES_ERROR;
				CLANG_WARN_SUSPICIOUS_MOVES = YES;
				CLANG_WARN_UNREACHABLE_CODE = YES;
				CLANG_WARN__DUPLICATE_METHOD_MATCH = YES;
				CODE_SIGN_IDENTITY = "-";
				COPY_PHASE_STRIP = NO;
				DEBUG_INFORMATION_FORMAT = dwarf;
				ENABLE_STRICT_OBJC_MSGSEND = YES;
				ENABLE_TESTABILITY = YES;
				GCC_C_LANGUAGE_STANDARD = gnu99;
				GCC_DYNAMIC_NO_PIC = NO;
				GCC_NO_COMMON_BLOCKS = YES;
				GCC_OPTIMIZATION_LEVEL = 0;
				GCC_PREPROCESSOR_DEFINITIONS = (
					"DEBUG=1",
					"$(inherited)",
				);
				GCC_WARN_64_TO_32_BIT_CONVERSION = YES;
				GCC_WARN_ABOUT_RETURN_TYPE = YES_ERROR;
				GCC_WARN_UNDECLARED_SELECTOR = YES;
				GCC_WARN_UNINITIALIZED_AUTOS = YES_AGGRESSIVE;
				GCC_WARN_UNUSED_FUNCTION = YES;
				GCC_WARN_UNUSED_VARIABLE = YES;
				MACOSX_DEPLOYMENT_TARGET = 10.12;
				MTL_ENABLE_DEBUG_INFO = YES;
				ONLY_ACTIVE_ARCH = YES;
				SDKROOT = macosx;
				SWIFT_ACTIVE_COMPILATION_CONDITIONS = DEBUG;
				SWIFT_OPTIMIZATION_LEVEL = "-Onone";
			};
			name = Debug;
		};
		FF0B9AE51DAE5D56005D716E /* Release */ = {
			isa = XCBuildConfiguration;
			buildSettings = {
				ALWAYS_SEARCH_USER_PATHS = NO;
				CLANG_ANALYZER_NONNULL = YES;
				CLANG_CXX_LANGUAGE_STANDARD = "gnu++0x";
				CLANG_CXX_LIBRARY = "libc++";
				CLANG_ENABLE_MODULES = YES;
				CLANG_ENABLE_OBJC_ARC = YES;
				CLANG_WARN_BOOL_CONVERSION = YES;
				CLANG_WARN_CONSTANT_CONVERSION = YES;
				CLANG_WARN_DIRECT_OBJC_ISA_USAGE = YES_ERROR;
				CLANG_WARN_DOCUMENTATION_COMMENTS = YES;
				CLANG_WARN_EMPTY_BODY = YES;
				CLANG_WARN_ENUM_CONVERSION = YES;
				CLANG_WARN_INFINITE_RECURSION = YES;
				CLANG_WARN_INT_CONVERSION = YES;
				CLANG_WARN_OBJC_ROOT_CLASS = YES_ERROR;
				CLANG_WARN_SUSPICIOUS_MOVES = YES;
				CLANG_WARN_UNREACHABLE_CODE = YES;
				CLANG_WARN__DUPLICATE_METHOD_MATCH = YES;
				CODE_SIGN_IDENTITY = "-";
				COPY_PHASE_STRIP = NO;
				DEBUG_INFORMATION_FORMAT = "dwarf-with-dsym";
				ENABLE_NS_ASSERTIONS = NO;
				ENABLE_STRICT_OBJC_MSGSEND = YES;
				GCC_C_LANGUAGE_STANDARD = gnu99;
				GCC_NO_COMMON_BLOCKS = YES;
				GCC_WARN_64_TO_32_BIT_CONVERSION = YES;
				GCC_WARN_ABOUT_RETURN_TYPE = YES_ERROR;
				GCC_WARN_UNDECLARED_SELECTOR = YES;
				GCC_WARN_UNINITIALIZED_AUTOS = YES_AGGRESSIVE;
				GCC_WARN_UNUSED_FUNCTION = YES;
				GCC_WARN_UNUSED_VARIABLE = YES;
				MACOSX_DEPLOYMENT_TARGET = 10.12;
				MTL_ENABLE_DEBUG_INFO = NO;
				SDKROOT = macosx;
				SWIFT_OPTIMIZATION_LEVEL = "-Owholemodule";
			};
			name = Release;
		};
		FF0B9AE71DAE5D56005D716E /* Debug */ = {
			isa = XCBuildConfiguration;
			buildSettings = {
				ASSETCATALOG_COMPILER_APPICON_NAME = AppIcon;
				COMBINE_HIDPI_IMAGES = YES;
				DEVELOPMENT_TEAM = QE33WF5A23;
				INFOPLIST_FILE = LensGenerator/Info.plist;
				LD_RUNPATH_SEARCH_PATHS = "$(inherited) @executable_path/../Frameworks";
				PRODUCT_BUNDLE_IDENTIFIER = com.s2dent.LensGenerator;
				PRODUCT_NAME = "$(TARGET_NAME)";
				SWIFT_VERSION = 3.0;
			};
			name = Debug;
		};
		FF0B9AE81DAE5D56005D716E /* Release */ = {
			isa = XCBuildConfiguration;
			buildSettings = {
				ASSETCATALOG_COMPILER_APPICON_NAME = AppIcon;
				COMBINE_HIDPI_IMAGES = YES;
				DEVELOPMENT_TEAM = QE33WF5A23;
				INFOPLIST_FILE = LensGenerator/Info.plist;
				LD_RUNPATH_SEARCH_PATHS = "$(inherited) @executable_path/../Frameworks";
				PRODUCT_BUNDLE_IDENTIFIER = com.s2dent.LensGenerator;
				PRODUCT_NAME = "$(TARGET_NAME)";
				SWIFT_VERSION = 3.0;
			};
			name = Release;
		};
/* End XCBuildConfiguration section */

/* Begin XCConfigurationList section */
		FF0B9AD41DAE5D56005D716E /* Build configuration list for PBXProject "LensGenerator" */ = {
			isa = XCConfigurationList;
			buildConfigurations = (
				FF0B9AE41DAE5D56005D716E /* Debug */,
				FF0B9AE51DAE5D56005D716E /* Release */,
			);
			defaultConfigurationIsVisible = 0;
			defaultConfigurationName = Release;
		};
		FF0B9AE61DAE5D56005D716E /* Build configuration list for PBXNativeTarget "LensGenerator" */ = {
			isa = XCConfigurationList;
			buildConfigurations = (
				FF0B9AE71DAE5D56005D716E /* Debug */,
				FF0B9AE81DAE5D56005D716E /* Release */,
			);
			defaultConfigurationIsVisible = 0;
		};
/* End XCConfigurationList section */
	};
	rootObject = FF0B9AD11DAE5D56005D716E /* Project object */;
}
